
Microsoft Visual Studio Solution File, Format Version 12.00
# Visual Studio Version 16
VisualStudioVersion = 16.0.30907.101
MinimumVisualStudioVersion = 10.0.40219.1
Project("{FAE04EC0-301F-11D3-BF4B-00C04F79EFBC}") = "URLParse", "URLParse.csproj", "{82BD1D89-5328-4921-B38C-F10D71739CDF}"
EndProject
Global
	GlobalSection(SolutionConfigurationPlatforms) = preSolution
		Debug|Any CPU = Debug|Any CPU
		Release|Any CPU = Release|Any CPU
	EndGlobalSection
	GlobalSection(ProjectConfigurationPlatforms) = postSolution
		{82BD1D89-5328-4921-B38C-F10D71739CDF}.Debug|Any CPU.ActiveCfg = Debug|Any CPU
		{82BD1D89-5328-4921-B38C-F10D71739CDF}.Debug|Any CPU.Build.0 = Debug|Any CPU
		{82BD1D89-5328-4921-B38C-F10D71739CDF}.Release|Any CPU.ActiveCfg = Release|Any CPU
		{82BD1D89-5328-4921-B38C-F10D71739CDF}.Release|Any CPU.Build.0 = Release|Any CPU
	EndGlobalSection
	GlobalSection(SolutionProperties) = preSolution
		HideSolutionNode = FALSE
	EndGlobalSection
	GlobalSection(ExtensibilityGlobals) = postSolution
		SolutionGuid = {00BC09BB-75A2-41BD-927E-29841DB30F1C}
	EndGlobalSection
EndGlobal
